// !$*UTF8*$!
{
	archiveVersion = 1;
	classes = {
	};
	objectVersion = 50;
	objects = {

/* Begin PBXBuildFile section */
		1C313281248F0EFC0031AF65 /* FormViewExample.swift in Sources */ = {isa = PBXBuildFile; fileRef = 1C313280248F0EFC0031AF65 /* FormViewExample.swift */; };
		1C4AE28024839EE5001CA8A5 /* AppDelegate.swift in Sources */ = {isa = PBXBuildFile; fileRef = 1C4AE27F24839EE5001CA8A5 /* AppDelegate.swift */; };
		1C4AE28224839EE5001CA8A5 /* SceneDelegate.swift in Sources */ = {isa = PBXBuildFile; fileRef = 1C4AE28124839EE5001CA8A5 /* SceneDelegate.swift */; };
		1C4AE28424839EE5001CA8A5 /* ContentView.swift in Sources */ = {isa = PBXBuildFile; fileRef = 1C4AE28324839EE5001CA8A5 /* ContentView.swift */; };
		1C4AE28624839EE6001CA8A5 /* Assets.xcassets in Resources */ = {isa = PBXBuildFile; fileRef = 1C4AE28524839EE6001CA8A5 /* Assets.xcassets */; };
		1C4AE28924839EE6001CA8A5 /* Preview Assets.xcassets in Resources */ = {isa = PBXBuildFile; fileRef = 1C4AE28824839EE6001CA8A5 /* Preview Assets.xcassets */; };
		1C4AE28C24839EE6001CA8A5 /* LaunchScreen.storyboard in Resources */ = {isa = PBXBuildFile; fileRef = 1C4AE28A24839EE6001CA8A5 /* LaunchScreen.storyboard */; };
		1C4AE2982485389D001CA8A5 /* TapButtonExample.swift in Sources */ = {isa = PBXBuildFile; fileRef = 1C4AE2972485389D001CA8A5 /* TapButtonExample.swift */; };
		1C4AE29A2485DA60001CA8A5 /* ImageButtonExample.swift in Sources */ = {isa = PBXBuildFile; fileRef = 1C4AE2992485DA60001CA8A5 /* ImageButtonExample.swift */; };
		1C4AE29C2487D251001CA8A5 /* SliderExample.swift in Sources */ = {isa = PBXBuildFile; fileRef = 1C4AE29B2487D251001CA8A5 /* SliderExample.swift */; };
		1C4AE29E24887663001CA8A5 /* PickerExample.swift in Sources */ = {isa = PBXBuildFile; fileRef = 1C4AE29D24887663001CA8A5 /* PickerExample.swift */; };
		1C4AE2A02488781B001CA8A5 /* PickerImageExapmle.swift in Sources */ = {isa = PBXBuildFile; fileRef = 1C4AE29F2488781B001CA8A5 /* PickerImageExapmle.swift */; };
		1CA47D27248B1AC800B008C8 /* StaticListExample.swift in Sources */ = {isa = PBXBuildFile; fileRef = 1CA47D26248B1AC800B008C8 /* StaticListExample.swift */; };
		1CA47D29248B1CF500B008C8 /* RestaurantView.swift in Sources */ = {isa = PBXBuildFile; fileRef = 1CA47D28248B1CF500B008C8 /* RestaurantView.swift */; };
		1CA47D2B248B24E900B008C8 /* DynamicListExample.swift in Sources */ = {isa = PBXBuildFile; fileRef = 1CA47D2A248B24E900B008C8 /* DynamicListExample.swift */; };
		1CA47D2D248B486F00B008C8 /* AddRowExample.swift in Sources */ = {isa = PBXBuildFile; fileRef = 1CA47D2C248B486F00B008C8 /* AddRowExample.swift */; };
		1CA47D37248C5FD900B008C8 /* PathExample.swift in Sources */ = {isa = PBXBuildFile; fileRef = 1CA47D36248C5FD900B008C8 /* PathExample.swift */; };
/* End PBXBuildFile section */

/* Begin PBXFileReference section */
		1C313280248F0EFC0031AF65 /* FormViewExample.swift */ = {isa = PBXFileReference; lastKnownFileType = sourcecode.swift; path = FormViewExample.swift; sourceTree = "<group>"; };
		1C4AE27C24839EE5001CA8A5 /* Hello World.app */ = {isa = PBXFileReference; explicitFileType = wrapper.application; includeInIndex = 0; path = "Hello World.app"; sourceTree = BUILT_PRODUCTS_DIR; };
		1C4AE27F24839EE5001CA8A5 /* AppDelegate.swift */ = {isa = PBXFileReference; lastKnownFileType = sourcecode.swift; path = AppDelegate.swift; sourceTree = "<group>"; };
		1C4AE28124839EE5001CA8A5 /* SceneDelegate.swift */ = {isa = PBXFileReference; lastKnownFileType = sourcecode.swift; path = SceneDelegate.swift; sourceTree = "<group>"; };
		1C4AE28324839EE5001CA8A5 /* ContentView.swift */ = {isa = PBXFileReference; lastKnownFileType = sourcecode.swift; path = ContentView.swift; sourceTree = "<group>"; };
		1C4AE28524839EE6001CA8A5 /* Assets.xcassets */ = {isa = PBXFileReference; lastKnownFileType = folder.assetcatalog; path = Assets.xcassets; sourceTree = "<group>"; };
		1C4AE28824839EE6001CA8A5 /* Preview Assets.xcassets */ = {isa = PBXFileReference; lastKnownFileType = folder.assetcatalog; path = "Preview Assets.xcassets"; sourceTree = "<group>"; };
		1C4AE28B24839EE6001CA8A5 /* Base */ = {isa = PBXFileReference; lastKnownFileType = file.storyboard; name = Base; path = Base.lproj/LaunchScreen.storyboard; sourceTree = "<group>"; };
		1C4AE28D24839EE6001CA8A5 /* Info.plist */ = {isa = PBXFileReference; lastKnownFileType = text.plist.xml; path = Info.plist; sourceTree = "<group>"; };
		1C4AE2972485389D001CA8A5 /* TapButtonExample.swift */ = {isa = PBXFileReference; lastKnownFileType = sourcecode.swift; path = TapButtonExample.swift; sourceTree = "<group>"; };
		1C4AE2992485DA60001CA8A5 /* ImageButtonExample.swift */ = {isa = PBXFileReference; lastKnownFileType = sourcecode.swift; path = ImageButtonExample.swift; sourceTree = "<group>"; };
		1C4AE29B2487D251001CA8A5 /* SliderExample.swift */ = {isa = PBXFileReference; lastKnownFileType = sourcecode.swift; path = SliderExample.swift; sourceTree = "<group>"; };
		1C4AE29D24887663001CA8A5 /* PickerExample.swift */ = {isa = PBXFileReference; lastKnownFileType = sourcecode.swift; path = PickerExample.swift; sourceTree = "<group>"; };
		1C4AE29F2488781B001CA8A5 /* PickerImageExapmle.swift */ = {isa = PBXFileReference; lastKnownFileType = sourcecode.swift; path = PickerImageExapmle.swift; sourceTree = "<group>"; };
		1CA47D26248B1AC800B008C8 /* StaticListExample.swift */ = {isa = PBXFileReference; lastKnownFileType = sourcecode.swift; path = StaticListExample.swift; sourceTree = "<group>"; };
		1CA47D28248B1CF500B008C8 /* RestaurantView.swift */ = {isa = PBXFileReference; lastKnownFileType = sourcecode.swift; path = RestaurantView.swift; sourceTree = "<group>"; };
		1CA47D2A248B24E900B008C8 /* DynamicListExample.swift */ = {isa = PBXFileReference; lastKnownFileType = sourcecode.swift; path = DynamicListExample.swift; sourceTree = "<group>"; };
		1CA47D2C248B486F00B008C8 /* AddRowExample.swift */ = {isa = PBXFileReference; lastKnownFileType = sourcecode.swift; path = AddRowExample.swift; sourceTree = "<group>"; };
		1CA47D36248C5FD900B008C8 /* PathExample.swift */ = {isa = PBXFileReference; lastKnownFileType = sourcecode.swift; path = PathExample.swift; sourceTree = "<group>"; };
/* End PBXFileReference section */

/* Begin PBXFrameworksBuildPhase section */
		1C4AE27924839EE5001CA8A5 /* Frameworks */ = {
			isa = PBXFrameworksBuildPhase;
			buildActionMask = 2147483647;
			files = (
			);
			runOnlyForDeploymentPostprocessing = 0;
		};
/* End PBXFrameworksBuildPhase section */

/* Begin PBXGroup section */
		1C4AE27324839EE5001CA8A5 = {
			isa = PBXGroup;
			children = (
				1C4AE27E24839EE5001CA8A5 /* Hello World */,
				1C4AE27D24839EE5001CA8A5 /* Products */,
			);
			sourceTree = "<group>";
		};
		1C4AE27D24839EE5001CA8A5 /* Products */ = {
			isa = PBXGroup;
			children = (
				1C4AE27C24839EE5001CA8A5 /* Hello World.app */,
			);
			name = Products;
			sourceTree = "<group>";
		};
		1C4AE27E24839EE5001CA8A5 /* Hello World */ = {
			isa = PBXGroup;
			children = (
				1C4AE27F24839EE5001CA8A5 /* AppDelegate.swift */,
				1C4AE28124839EE5001CA8A5 /* SceneDelegate.swift */,
				1C4AE28324839EE5001CA8A5 /* ContentView.swift */,
				1C4AE2972485389D001CA8A5 /* TapButtonExample.swift */,
				1C313280248F0EFC0031AF65 /* FormViewExample.swift */,
				1C4AE2992485DA60001CA8A5 /* ImageButtonExample.swift */,
				1C4AE29B2487D251001CA8A5 /* SliderExample.swift */,
				1CA47D26248B1AC800B008C8 /* StaticListExample.swift */,
				1CA47D2A248B24E900B008C8 /* DynamicListExample.swift */,
				1CA47D2C248B486F00B008C8 /* AddRowExample.swift */,
				1CA47D36248C5FD900B008C8 /* PathExample.swift */,
				1CA47D28248B1CF500B008C8 /* RestaurantView.swift */,
				1C4AE29D24887663001CA8A5 /* PickerExample.swift */,
				1C4AE29F2488781B001CA8A5 /* PickerImageExapmle.swift */,
				1C4AE28524839EE6001CA8A5 /* Assets.xcassets */,
				1C4AE28A24839EE6001CA8A5 /* LaunchScreen.storyboard */,
				1C4AE28D24839EE6001CA8A5 /* Info.plist */,
				1C4AE28724839EE6001CA8A5 /* Preview Content */,
			);
			path = "Hello World";
			sourceTree = "<group>";
		};
		1C4AE28724839EE6001CA8A5 /* Preview Content */ = {
			isa = PBXGroup;
			children = (
				1C4AE28824839EE6001CA8A5 /* Preview Assets.xcassets */,
			);
			path = "Preview Content";
			sourceTree = "<group>";
		};
/* End PBXGroup section */

/* Begin PBXNativeTarget section */
		1C4AE27B24839EE5001CA8A5 /* Hello World */ = {
			isa = PBXNativeTarget;
			buildConfigurationList = 1C4AE29024839EE6001CA8A5 /* Build configuration list for PBXNativeTarget "Hello World" */;
			buildPhases = (
				1C4AE27824839EE5001CA8A5 /* Sources */,
				1C4AE27924839EE5001CA8A5 /* Frameworks */,
				1C4AE27A24839EE5001CA8A5 /* Resources */,
			);
			buildRules = (
			);
			dependencies = (
			);
			name = "Hello World";
			productName = "Hello World";
			productReference = 1C4AE27C24839EE5001CA8A5 /* Hello World.app */;
			productType = "com.apple.product-type.application";
		};
/* End PBXNativeTarget section */

/* Begin PBXProject section */
		1C4AE27424839EE5001CA8A5 /* Project object */ = {
			isa = PBXProject;
			attributes = {
				LastSwiftUpdateCheck = 1150;
				LastUpgradeCheck = 1150;
				ORGANIZATIONNAME = kenta.tanaka;
				TargetAttributes = {
					1C4AE27B24839EE5001CA8A5 = {
						CreatedOnToolsVersion = 11.5;
					};
				};
			};
			buildConfigurationList = 1C4AE27724839EE5001CA8A5 /* Build configuration list for PBXProject "Hello World" */;
			compatibilityVersion = "Xcode 9.3";
			developmentRegion = en;
			hasScannedForEncodings = 0;
			knownRegions = (
				en,
				Base,
			);
			mainGroup = 1C4AE27324839EE5001CA8A5;
			productRefGroup = 1C4AE27D24839EE5001CA8A5 /* Products */;
			projectDirPath = "";
			projectRoot = "";
			targets = (
				1C4AE27B24839EE5001CA8A5 /* Hello World */,
			);
		};
/* End PBXProject section */

/* Begin PBXResourcesBuildPhase section */
		1C4AE27A24839EE5001CA8A5 /* Resources */ = {
			isa = PBXResourcesBuildPhase;
			buildActionMask = 2147483647;
			files = (
				1C4AE28C24839EE6001CA8A5 /* LaunchScreen.storyboard in Resources */,
				1C4AE28924839EE6001CA8A5 /* Preview Assets.xcassets in Resources */,
				1C4AE28624839EE6001CA8A5 /* Assets.xcassets in Resources */,
			);
			runOnlyForDeploymentPostprocessing = 0;
		};
/* End PBXResourcesBuildPhase section */

/* Begin PBXSourcesBuildPhase section */
		1C4AE27824839EE5001CA8A5 /* Sources */ = {
			isa = PBXSourcesBuildPhase;
			buildActionMask = 2147483647;
			files = (
				1CA47D27248B1AC800B008C8 /* StaticListExample.swift in Sources */,
				1C4AE2A02488781B001CA8A5 /* PickerImageExapmle.swift in Sources */,
				1CA47D2B248B24E900B008C8 /* DynamicListExample.swift in Sources */,
				1C313281248F0EFC0031AF65 /* FormViewExample.swift in Sources */,
				1C4AE28024839EE5001CA8A5 /* AppDelegate.swift in Sources */,
				1CA47D29248B1CF500B008C8 /* RestaurantView.swift in Sources */,
				1C4AE29E24887663001CA8A5 /* PickerExample.swift in Sources */,
				1C4AE29A2485DA60001CA8A5 /* ImageButtonExample.swift in Sources */,
				1C4AE28224839EE5001CA8A5 /* SceneDelegate.swift in Sources */,
				1C4AE29C2487D251001CA8A5 /* SliderExample.swift in Sources */,
				1C4AE2982485389D001CA8A5 /* TapButtonExample.swift in Sources */,
				1C4AE28424839EE5001CA8A5 /* ContentView.swift in Sources */,
				1CA47D37248C5FD900B008C8 /* PathExample.swift in Sources */,
				1CA47D2D248B486F00B008C8 /* AddRowExample.swift in Sources */,
			);
			runOnlyForDeploymentPostprocessing = 0;
		};
/* End PBXSourcesBuildPhase section */

/* Begin PBXVariantGroup section */
		1C4AE28A24839EE6001CA8A5 /* LaunchScreen.storyboard */ = {
			isa = PBXVariantGroup;
			children = (
				1C4AE28B24839EE6001CA8A5 /* Base */,
			);
			name = LaunchScreen.storyboard;
			sourceTree = "<group>";
		};
/* End PBXVariantGroup section */

/* Begin XCBuildConfiguration section */
		1C4AE28E24839EE6001CA8A5 /* Debug */ = {
			isa = XCBuildConfiguration;
			buildSettings = {
				ALWAYS_SEARCH_USER_PATHS = NO;
				CLANG_ANALYZER_NONNULL = YES;
				CLANG_ANALYZER_NUMBER_OBJECT_CONVERSION = YES_AGGRESSIVE;
				CLANG_CXX_LANGUAGE_STANDARD = "gnu++14";
				CLANG_CXX_LIBRARY = "libc++";
				CLANG_ENABLE_MODULES = YES;
				CLANG_ENABLE_OBJC_ARC = YES;
				CLANG_ENABLE_OBJC_WEAK = YES;
				CLANG_WARN_BLOCK_CAPTURE_AUTORELEASING = YES;
				CLANG_WARN_BOOL_CONVERSION = YES;
				CLANG_WARN_COMMA = YES;
				CLANG_WARN_CONSTANT_CONVERSION = YES;
				CLANG_WARN_DEPRECATED_OBJC_IMPLEMENTATIONS = YES;
				CLANG_WARN_DIRECT_OBJC_ISA_USAGE = YES_ERROR;
				CLANG_WARN_DOCUMENTATION_COMMENTS = YES;
				CLANG_WARN_EMPTY_BODY = YES;
				CLANG_WARN_ENUM_CONVERSION = YES;
				CLANG_WARN_INFINITE_RECURSION = YES;
				CLANG_WARN_INT_CONVERSION = YES;
				CLANG_WARN_NON_LITERAL_NULL_CONVERSION = YES;
				CLANG_WARN_OBJC_IMPLICIT_RETAIN_SELF = YES;
				CLANG_WARN_OBJC_LITERAL_CONVERSION = YES;
				CLANG_WARN_OBJC_ROOT_CLASS = YES_ERROR;
				CLANG_WARN_RANGE_LOOP_ANALYSIS = YES;
				CLANG_WARN_STRICT_PROTOTYPES = YES;
				CLANG_WARN_SUSPICIOUS_MOVE = YES;
				CLANG_WARN_UNGUARDED_AVAILABILITY = YES_AGGRESSIVE;
				CLANG_WARN_UNREACHABLE_CODE = YES;
				CLANG_WARN__DUPLICATE_METHOD_MATCH = YES;
				COPY_PHASE_STRIP = NO;
				DEBUG_INFORMATION_FORMAT = dwarf;
				ENABLE_STRICT_OBJC_MSGSEND = YES;
				ENABLE_TESTABILITY = YES;
				GCC_C_LANGUAGE_STANDARD = gnu11;
				GCC_DYNAMIC_NO_PIC = NO;
				GCC_NO_COMMON_BLOCKS = YES;
				GCC_OPTIMIZATION_LEVEL = 0;
				GCC_PREPROCESSOR_DEFINITIONS = (
					"DEBUG=1",
					"$(inherited)",
				);
				GCC_WARN_64_TO_32_BIT_CONVERSION = YES;
				GCC_WARN_ABOUT_RETURN_TYPE = YES_ERROR;
				GCC_WARN_UNDECLARED_SELECTOR = YES;
				GCC_WARN_UNINITIALIZED_AUTOS = YES_AGGRESSIVE;
				GCC_WARN_UNUSED_FUNCTION = YES;
				GCC_WARN_UNUSED_VARIABLE = YES;
				IPHONEOS_DEPLOYMENT_TARGET = 13.5;
				MTL_ENABLE_DEBUG_INFO = INCLUDE_SOURCE;
				MTL_FAST_MATH = YES;
				ONLY_ACTIVE_ARCH = YES;
				SDKROOT = iphoneos;
				SWIFT_ACTIVE_COMPILATION_CONDITIONS = DEBUG;
				SWIFT_OPTIMIZATION_LEVEL = "-Onone";
			};
			name = Debug;
		};
		1C4AE28F24839EE6001CA8A5 /* Release */ = {
			isa = XCBuildConfiguration;
			buildSettings = {
				ALWAYS_SEARCH_USER_PATHS = NO;
				CLANG_ANALYZER_NONNULL = YES;
				CLANG_ANALYZER_NUMBER_OBJECT_CONVERSION = YES_AGGRESSIVE;
				CLANG_CXX_LANGUAGE_STANDARD = "gnu++14";
				CLANG_CXX_LIBRARY = "libc++";
				CLANG_ENABLE_MODULES = YES;
				CLANG_ENABLE_OBJC_ARC = YES;
				CLANG_ENABLE_OBJC_WEAK = YES;
				CLANG_WARN_BLOCK_CAPTURE_AUTORELEASING = YES;
				CLANG_WARN_BOOL_CONVERSION = YES;
				CLANG_WARN_COMMA = YES;
				CLANG_WARN_CONSTANT_CONVERSION = YES;
				CLANG_WARN_DEPRECATED_OBJC_IMPLEMENTATIONS = YES;
				CLANG_WARN_DIRECT_OBJC_ISA_USAGE = YES_ERROR;
				CLANG_WARN_DOCUMENTATION_COMMENTS = YES;
				CLANG_WARN_EMPTY_BODY = YES;
				CLANG_WARN_ENUM_CONVERSION = YES;
				CLANG_WARN_INFINITE_RECURSION = YES;
				CLANG_WARN_INT_CONVERSION = YES;
				CLANG_WARN_NON_LITERAL_NULL_CONVERSION = YES;
				CLANG_WARN_OBJC_IMPLICIT_RETAIN_SELF = YES;
				CLANG_WARN_OBJC_LITERAL_CONVERSION = YES;
				CLANG_WARN_OBJC_ROOT_CLASS = YES_ERROR;
				CLANG_WARN_RANGE_LOOP_ANALYSIS = YES;
				CLANG_WARN_STRICT_PROTOTYPES = YES;
				CLANG_WARN_SUSPICIOUS_MOVE = YES;
				CLANG_WARN_UNGUARDED_AVAILABILITY = YES_AGGRESSIVE;
				CLANG_WARN_UNREACHABLE_CODE = YES;
				CLANG_WARN__DUPLICATE_METHOD_MATCH = YES;
				COPY_PHASE_STRIP = NO;
				DEBUG_INFORMATION_FORMAT = "dwarf-with-dsym";
				ENABLE_NS_ASSERTIONS = NO;
				ENABLE_STRICT_OBJC_MSGSEND = YES;
				GCC_C_LANGUAGE_STANDARD = gnu11;
				GCC_NO_COMMON_BLOCKS = YES;
				GCC_WARN_64_TO_32_BIT_CONVERSION = YES;
				GCC_WARN_ABOUT_RETURN_TYPE = YES_ERROR;
				GCC_WARN_UNDECLARED_SELECTOR = YES;
				GCC_WARN_UNINITIALIZED_AUTOS = YES_AGGRESSIVE;
				GCC_WARN_UNUSED_FUNCTION = YES;
				GCC_WARN_UNUSED_VARIABLE = YES;
				IPHONEOS_DEPLOYMENT_TARGET = 13.5;
				MTL_ENABLE_DEBUG_INFO = NO;
				MTL_FAST_MATH = YES;
				SDKROOT = iphoneos;
				SWIFT_COMPILATION_MODE = wholemodule;
				SWIFT_OPTIMIZATION_LEVEL = "-O";
				VALIDATE_PRODUCT = YES;
			};
			name = Release;
		};
		1C4AE29124839EE6001CA8A5 /* Debug */ = {
			isa = XCBuildConfiguration;
			buildSettings = {
				ASSETCATALOG_COMPILER_APPICON_NAME = AppIcon;
				CODE_SIGN_STYLE = Automatic;
				DEVELOPMENT_ASSET_PATHS = "\"Hello World/Preview Content\"";
				DEVELOPMENT_TEAM = 84FRN9G32P;
				ENABLE_PREVIEWS = YES;
				INFOPLIST_FILE = "Hello World/Info.plist";
				LD_RUNPATH_SEARCH_PATHS = (
					"$(inherited)",
					"@executable_path/Frameworks",
				);
				PRODUCT_BUNDLE_IDENTIFIER = "com.gmail.k.tanaka6057.Hello-World";
				PRODUCT_NAME = "$(TARGET_NAME)";
				SWIFT_VERSION = 5.0;
				TARGETED_DEVICE_FAMILY = "1,2";
			};
			name = Debug;
		};
		1C4AE29224839EE6001CA8A5 /* Release */ = {
			isa = XCBuildConfiguration;
			buildSettings = {
				ASSETCATALOG_COMPILER_APPICON_NAME = AppIcon;
				CODE_SIGN_STYLE = Automatic;
				DEVELOPMENT_ASSET_PATHS = "\"Hello World/Preview Content\"";
				DEVELOPMENT_TEAM = 84FRN9G32P;
				ENABLE_PREVIEWS = YES;
				INFOPLIST_FILE = "Hello World/Info.plist";
				LD_RUNPATH_SEARCH_PATHS = (
					"$(inherited)",
					"@executable_path/Frameworks",
				);
				PRODUCT_BUNDLE_IDENTIFIER = "com.gmail.k.tanaka6057.Hello-World";
				PRODUCT_NAME = "$(TARGET_NAME)";
				SWIFT_VERSION = 5.0;
				TARGETED_DEVICE_FAMILY = "1,2";
			};
			name = Release;
		};
/* End XCBuildConfiguration section */

/* Begin XCConfigurationList section */
		1C4AE27724839EE5001CA8A5 /* Build configuration list for PBXProject "Hello World" */ = {
			isa = XCConfigurationList;
			buildConfigurations = (
				1C4AE28E24839EE6001CA8A5 /* Debug */,
				1C4AE28F24839EE6001CA8A5 /* Release */,
			);
			defaultConfigurationIsVisible = 0;
			defaultConfigurationName = Release;
		};
		1C4AE29024839EE6001CA8A5 /* Build configuration list for PBXNativeTarget "Hello World" */ = {
			isa = XCConfigurationList;
			buildConfigurations = (
				1C4AE29124839EE6001CA8A5 /* Debug */,
				1C4AE29224839EE6001CA8A5 /* Release */,
			);
			defaultConfigurationIsVisible = 0;
			defaultConfigurationName = Release;
		};
/* End XCConfigurationList section */
	};
	rootObject = 1C4AE27424839EE5001CA8A5 /* Project object */;
}
